
Microsoft Visual Studio Solution File, Format Version 12.00
# Visual Studio Version 17
VisualStudioVersion = 17.2.32602.215
MinimumVisualStudioVersion = 10.0.40219.1
Project("{FAE04EC0-301F-11D3-BF4B-00C04F79EFBC}") = "BowlingGameKata", "BowlingGameKata\BowlingGameKata.csproj", "{C9763836-A1E8-4763-9F26-8415233098D8}"
EndProject
Global
	GlobalSection(SolutionConfigurationPlatforms) = preSolution
		Debug|Any CPU = Debug|Any CPU
		Release|Any CPU = Release|Any CPU
	EndGlobalSection
	GlobalSection(ProjectConfigurationPlatforms) = postSolution
		{C9763836-A1E8-4763-9F26-8415233098D8}.Debug|Any CPU.ActiveCfg = Debug|Any CPU
		{C9763836-A1E8-4763-9F26-8415233098D8}.Debug|Any CPU.Build.0 = Debug|Any CPU
		{C9763836-A1E8-4763-9F26-8415233098D8}.Release|Any CPU.ActiveCfg = Release|Any CPU
		{C9763836-A1E8-4763-9F26-8415233098D8}.Release|Any CPU.Build.0 = Release|Any CPU
	EndGlobalSection
	GlobalSection(SolutionProperties) = preSolution
		HideSolutionNode = FALSE
	EndGlobalSection
	GlobalSection(ExtensibilityGlobals) = postSolution
		SolutionGuid = {BB484CF0-3BB0-4069-B225-13DBF4D3DFB5}
	EndGlobalSection
EndGlobal
